
Microsoft Visual Studio Solution File, Format Version 12.00
# Visual Studio Version 17
VisualStudioVersion = 17.6.33815.320
MinimumVisualStudioVersion = 10.0.40219.1
Project("{9A19103F-16F7-4668-BE54-9A1E7A4F7556}") = "TPTE#04", "TPTE#04\TPTE#04.csproj", "{8975D186-9CC1-41FA-8C06-94DA3D5773ED}"
EndProject
Project("{9A19103F-16F7-4668-BE54-9A1E7A4F7556}") = "Atividade04Ex01", "Atividade04Ex01\Atividade04Ex01.csproj", "{49EAF962-9F52-4BD3-B669-3BA7E68BA384}"
EndProject
Project("{9A19103F-16F7-4668-BE54-9A1E7A4F7556}") = "Atividade04Ex02", "Atividade01Ex02\Atividade04Ex02.csproj", "{54A407FA-90A1-4E35-802F-7A8A5D5E34F7}"
EndProject
Project("{9A19103F-16F7-4668-BE54-9A1E7A4F7556}") = "Atividade04Ex03", "Atividade04Ex03\Atividade04Ex03.csproj", "{60384EC4-3032-4D76-B0BA-51AFBDFD372F}"
EndProject
Project("{9A19103F-16F7-4668-BE54-9A1E7A4F7556}") = "Atividade04Ex04", "Atividade04Ex04\Atividade04Ex04.csproj", "{56D81F7B-F9E8-44D7-9205-EAD8250A88F3}"
EndProject
Project("{9A19103F-16F7-4668-BE54-9A1E7A4F7556}") = "Atividadeo04Ex05", "Atividadeo4Ex05\Atividadeo04Ex05.csproj", "{A65A9477-5013-4889-A8F4-8DC8D98FA81E}"
EndProject
Project("{9A19103F-16F7-4668-BE54-9A1E7A4F7556}") = "Atividade04Ex06", "Atividade04Ex06\Atividade04Ex06.csproj", "{D4D8022E-012C-4118-86FF-E584A4F12FBF}"
EndProject
Project("{FAE04EC0-301F-11D3-BF4B-00C04F79EFBC}") = "Atividade04Ex07", "Atividade04Ex07\Atividade04Ex07.csproj", "{D336458D-9A2F-44C5-A192-FB4BBFF8F3E6}"
EndProject
Global
	GlobalSection(SolutionConfigurationPlatforms) = preSolution
		Debug|Any CPU = Debug|Any CPU
		Release|Any CPU = Release|Any CPU
	EndGlobalSection
	GlobalSection(ProjectConfigurationPlatforms) = postSolution
		{8975D186-9CC1-41FA-8C06-94DA3D5773ED}.Debug|Any CPU.ActiveCfg = Debug|Any CPU
		{8975D186-9CC1-41FA-8C06-94DA3D5773ED}.Debug|Any CPU.Build.0 = Debug|Any CPU
		{8975D186-9CC1-41FA-8C06-94DA3D5773ED}.Release|Any CPU.ActiveCfg = Release|Any CPU
		{8975D186-9CC1-41FA-8C06-94DA3D5773ED}.Release|Any CPU.Build.0 = Release|Any CPU
		{49EAF962-9F52-4BD3-B669-3BA7E68BA384}.Debug|Any CPU.ActiveCfg = Debug|Any CPU
		{49EAF962-9F52-4BD3-B669-3BA7E68BA384}.Debug|Any CPU.Build.0 = Debug|Any CPU
		{49EAF962-9F52-4BD3-B669-3BA7E68BA384}.Release|Any CPU.ActiveCfg = Release|Any CPU
		{49EAF962-9F52-4BD3-B669-3BA7E68BA384}.Release|Any CPU.Build.0 = Release|Any CPU
		{54A407FA-90A1-4E35-802F-7A8A5D5E34F7}.Debug|Any CPU.ActiveCfg = Debug|Any CPU
		{54A407FA-90A1-4E35-802F-7A8A5D5E34F7}.Debug|Any CPU.Build.0 = Debug|Any CPU
		{54A407FA-90A1-4E35-802F-7A8A5D5E34F7}.Release|Any CPU.ActiveCfg = Release|Any CPU
		{54A407FA-90A1-4E35-802F-7A8A5D5E34F7}.Release|Any CPU.Build.0 = Release|Any CPU
		{60384EC4-3032-4D76-B0BA-51AFBDFD372F}.Debug|Any CPU.ActiveCfg = Debug|Any CPU
		{60384EC4-3032-4D76-B0BA-51AFBDFD372F}.Debug|Any CPU.Build.0 = Debug|Any CPU
		{60384EC4-3032-4D76-B0BA-51AFBDFD372F}.Release|Any CPU.ActiveCfg = Release|Any CPU
		{60384EC4-3032-4D76-B0BA-51AFBDFD372F}.Release|Any CPU.Build.0 = Release|Any CPU
		{56D81F7B-F9E8-44D7-9205-EAD8250A88F3}.Debug|Any CPU.ActiveCfg = Debug|Any CPU
		{56D81F7B-F9E8-44D7-9205-EAD8250A88F3}.Debug|Any CPU.Build.0 = Debug|Any CPU
		{56D81F7B-F9E8-44D7-9205-EAD8250A88F3}.Release|Any CPU.ActiveCfg = Release|Any CPU
		{56D81F7B-F9E8-44D7-9205-EAD8250A88F3}.Release|Any CPU.Build.0 = Release|Any CPU
		{A65A9477-5013-4889-A8F4-8DC8D98FA81E}.Debug|Any CPU.ActiveCfg = Debug|Any CPU
		{A65A9477-5013-4889-A8F4-8DC8D98FA81E}.Debug|Any CPU.Build.0 = Debug|Any CPU
		{A65A9477-5013-4889-A8F4-8DC8D98FA81E}.Release|Any CPU.ActiveCfg = Release|Any CPU
		{A65A9477-5013-4889-A8F4-8DC8D98FA81E}.Release|Any CPU.Build.0 = Release|Any CPU
		{D4D8022E-012C-4118-86FF-E584A4F12FBF}.Debug|Any CPU.ActiveCfg = Debug|Any CPU
		{D4D8022E-012C-4118-86FF-E584A4F12FBF}.Debug|Any CPU.Build.0 = Debug|Any CPU
		{D4D8022E-012C-4118-86FF-E584A4F12FBF}.Release|Any CPU.ActiveCfg = Release|Any CPU
		{D4D8022E-012C-4118-86FF-E584A4F12FBF}.Release|Any CPU.Build.0 = Release|Any CPU
		{D336458D-9A2F-44C5-A192-FB4BBFF8F3E6}.Debug|Any CPU.ActiveCfg = Debug|Any CPU
		{D336458D-9A2F-44C5-A192-FB4BBFF8F3E6}.Debug|Any CPU.Build.0 = Debug|Any CPU
		{D336458D-9A2F-44C5-A192-FB4BBFF8F3E6}.Release|Any CPU.ActiveCfg = Release|Any CPU
		{D336458D-9A2F-44C5-A192-FB4BBFF8F3E6}.Release|Any CPU.Build.0 = Release|Any CPU
	EndGlobalSection
	GlobalSection(SolutionProperties) = preSolution
		HideSolutionNode = FALSE
	EndGlobalSection
	GlobalSection(ExtensibilityGlobals) = postSolution
		SolutionGuid = {DFA11235-FE9E-4281-B484-9BD8A134E8F4}
	EndGlobalSection
EndGlobal
